
Microsoft Visual Studio Solution File, Format Version 12.00
# Visual Studio Version 17
VisualStudioVersion = 17.0.31903.59
MinimumVisualStudioVersion = 10.0.40219.1
Project("{FAE04EC0-301F-11D3-BF4B-00C04F79EFBC}") = "Backend.Domain", "Backend.Domain\Backend.Domain.csproj", "{7F05289F-39D6-4F76-A506-1370A8315E03}"
EndProject
Project("{FAE04EC0-301F-11D3-BF4B-00C04F79EFBC}") = "Backend.Application", "Backend.Application\Backend.Application.csproj", "{57B8F0B9-C3A0-4115-B99E-7D344D5E985C}"
EndProject
Project("{FAE04EC0-301F-11D3-BF4B-00C04F79EFBC}") = "Backend.Infrastructure", "Backend.Infrastructure\Backend.Infrastructure.csproj", "{CC732597-DA8A-4753-908E-B38B045D3971}"
EndProject
Project("{FAE04EC0-301F-11D3-BF4B-00C04F79EFBC}") = "Backend.API", "Backend.API\Backend.API.csproj", "{56EDF0B0-8BA0-4D69-B2F7-EC447FC35AFB}"
EndProject
Global
	GlobalSection(SolutionConfigurationPlatforms) = preSolution
		Debug|Any CPU = Debug|Any CPU
		Debug|x64 = Debug|x64
		Debug|x86 = Debug|x86
		Release|Any CPU = Release|Any CPU
		Release|x64 = Release|x64
		Release|x86 = Release|x86
	EndGlobalSection
	GlobalSection(ProjectConfigurationPlatforms) = postSolution
		{7F05289F-39D6-4F76-A506-1370A8315E03}.Debug|Any CPU.ActiveCfg = Debug|Any CPU
		{7F05289F-39D6-4F76-A506-1370A8315E03}.Debug|Any CPU.Build.0 = Debug|Any CPU
		{7F05289F-39D6-4F76-A506-1370A8315E03}.Debug|x64.ActiveCfg = Debug|Any CPU
		{7F05289F-39D6-4F76-A506-1370A8315E03}.Debug|x64.Build.0 = Debug|Any CPU
		{7F05289F-39D6-4F76-A506-1370A8315E03}.Debug|x86.ActiveCfg = Debug|Any CPU
		{7F05289F-39D6-4F76-A506-1370A8315E03}.Debug|x86.Build.0 = Debug|Any CPU
		{7F05289F-39D6-4F76-A506-1370A8315E03}.Release|Any CPU.ActiveCfg = Release|Any CPU
		{7F05289F-39D6-4F76-A506-1370A8315E03}.Release|Any CPU.Build.0 = Release|Any CPU
		{7F05289F-39D6-4F76-A506-1370A8315E03}.Release|x64.ActiveCfg = Release|Any CPU
		{7F05289F-39D6-4F76-A506-1370A8315E03}.Release|x64.Build.0 = Release|Any CPU
		{7F05289F-39D6-4F76-A506-1370A8315E03}.Release|x86.ActiveCfg = Release|Any CPU
		{7F05289F-39D6-4F76-A506-1370A8315E03}.Release|x86.Build.0 = Release|Any CPU
		{57B8F0B9-C3A0-4115-B99E-7D344D5E985C}.Debug|Any CPU.ActiveCfg = Debug|Any CPU
		{57B8F0B9-C3A0-4115-B99E-7D344D5E985C}.Debug|Any CPU.Build.0 = Debug|Any CPU
		{57B8F0B9-C3A0-4115-B99E-7D344D5E985C}.Debug|x64.ActiveCfg = Debug|Any CPU
		{57B8F0B9-C3A0-4115-B99E-7D344D5E985C}.Debug|x64.Build.0 = Debug|Any CPU
		{57B8F0B9-C3A0-4115-B99E-7D344D5E985C}.Debug|x86.ActiveCfg = Debug|Any CPU
		{57B8F0B9-C3A0-4115-B99E-7D344D5E985C}.Debug|x86.Build.0 = Debug|Any CPU
		{57B8F0B9-C3A0-4115-B99E-7D344D5E985C}.Release|Any CPU.ActiveCfg = Release|Any CPU
		{57B8F0B9-C3A0-4115-B99E-7D344D5E985C}.Release|Any CPU.Build.0 = Release|Any CPU
		{57B8F0B9-C3A0-4115-B99E-7D344D5E985C}.Release|x64.ActiveCfg = Release|Any CPU
		{57B8F0B9-C3A0-4115-B99E-7D344D5E985C}.Release|x64.Build.0 = Release|Any CPU
		{57B8F0B9-C3A0-4115-B99E-7D344D5E985C}.Release|x86.ActiveCfg = Release|Any CPU
		{57B8F0B9-C3A0-4115-B99E-7D344D5E985C}.Release|x86.Build.0 = Release|Any CPU
		{CC732597-DA8A-4753-908E-B38B045D3971}.Debug|Any CPU.ActiveCfg = Debug|Any CPU
		{CC732597-DA8A-4753-908E-B38B045D3971}.Debug|Any CPU.Build.0 = Debug|Any CPU
		{CC732597-DA8A-4753-908E-B38B045D3971}.Debug|x64.ActiveCfg = Debug|Any CPU
		{CC732597-DA8A-4753-908E-B38B045D3971}.Debug|x64.Build.0 = Debug|Any CPU
		{CC732597-DA8A-4753-908E-B38B045D3971}.Debug|x86.ActiveCfg = Debug|Any CPU
		{CC732597-DA8A-4753-908E-B38B045D3971}.Debug|x86.Build.0 = Debug|Any CPU
		{CC732597-DA8A-4753-908E-B38B045D3971}.Release|Any CPU.ActiveCfg = Release|Any CPU
		{CC732597-DA8A-4753-908E-B38B045D3971}.Release|Any CPU.Build.0 = Release|Any CPU
		{CC732597-DA8A-4753-908E-B38B045D3971}.Release|x64.ActiveCfg = Release|Any CPU
		{CC732597-DA8A-4753-908E-B38B045D3971}.Release|x64.Build.0 = Release|Any CPU
		{CC732597-DA8A-4753-908E-B38B045D3971}.Release|x86.ActiveCfg = Release|Any CPU
		{CC732597-DA8A-4753-908E-B38B045D3971}.Release|x86.Build.0 = Release|Any CPU
		{56EDF0B0-8BA0-4D69-B2F7-EC447FC35AFB}.Debug|Any CPU.ActiveCfg = Debug|Any CPU
		{56EDF0B0-8BA0-4D69-B2F7-EC447FC35AFB}.Debug|Any CPU.Build.0 = Debug|Any CPU
		{56EDF0B0-8BA0-4D69-B2F7-EC447FC35AFB}.Debug|x64.ActiveCfg = Debug|Any CPU
		{56EDF0B0-8BA0-4D69-B2F7-EC447FC35AFB}.Debug|x64.Build.0 = Debug|Any CPU
		{56EDF0B0-8BA0-4D69-B2F7-EC447FC35AFB}.Debug|x86.ActiveCfg = Debug|Any CPU
		{56EDF0B0-8BA0-4D69-B2F7-EC447FC35AFB}.Debug|x86.Build.0 = Debug|Any CPU
		{56EDF0B0-8BA0-4D69-B2F7-EC447FC35AFB}.Release|Any CPU.ActiveCfg = Release|Any CPU
		{56EDF0B0-8BA0-4D69-B2F7-EC447FC35AFB}.Release|Any CPU.Build.0 = Release|Any CPU
		{56EDF0B0-8BA0-4D69-B2F7-EC447FC35AFB}.Release|x64.ActiveCfg = Release|Any CPU
		{56EDF0B0-8BA0-4D69-B2F7-EC447FC35AFB}.Release|x64.Build.0 = Release|Any CPU
		{56EDF0B0-8BA0-4D69-B2F7-EC447FC35AFB}.Release|x86.ActiveCfg = Release|Any CPU
		{56EDF0B0-8BA0-4D69-B2F7-EC447FC35AFB}.Release|x86.Build.0 = Release|Any CPU
	EndGlobalSection
	GlobalSection(SolutionProperties) = preSolution
		HideSolutionNode = FALSE
	EndGlobalSection
EndGlobal
